
Microsoft Visual Studio Solution File, Format Version 12.00
# Visual Studio Version 16
VisualStudioVersion = 16.0.31727.386
MinimumVisualStudioVersion = 10.0.40219.1
Project("{FAE04EC0-301F-11D3-BF4B-00C04F79EFBC}") = "FFXIII-ZTR-Decompressor", "FFXIII-ZTR-Decompressor\FFXIII-ZTR-Decompressor.csproj", "{EBF3E8F0-A22A-49B2-A61F-B0A50D7F04D6}"
EndProject
Global
	GlobalSection(SolutionConfigurationPlatforms) = preSolution
		Debug|Any CPU = Debug|Any CPU
		Release|Any CPU = Release|Any CPU
	EndGlobalSection
	GlobalSection(ProjectConfigurationPlatforms) = postSolution
		{EBF3E8F0-A22A-49B2-A61F-B0A50D7F04D6}.Debug|Any CPU.ActiveCfg = Debug|Any CPU
		{EBF3E8F0-A22A-49B2-A61F-B0A50D7F04D6}.Debug|Any CPU.Build.0 = Debug|Any CPU
		{EBF3E8F0-A22A-49B2-A61F-B0A50D7F04D6}.Release|Any CPU.ActiveCfg = Release|Any CPU
		{EBF3E8F0-A22A-49B2-A61F-B0A50D7F04D6}.Release|Any CPU.Build.0 = Release|Any CPU
	EndGlobalSection
	GlobalSection(SolutionProperties) = preSolution
		HideSolutionNode = FALSE
	EndGlobalSection
	GlobalSection(ExtensibilityGlobals) = postSolution
		SolutionGuid = {A4500BC3-6432-4211-994F-B575B6A90075}
	EndGlobalSection
EndGlobal
